Microsoft Visual Studio Solution File, Format Version 12.00
# Visual Studio Version 18
VisualStudioVersion = 18.8.12023.21 stable
MinimumVisualStudioVersion = 10.0.40219.1
Project("{FAE04EC0-301F-11D3-BF4B-00C04F79EFBC}") = "TravelerWay.Api", "TravelerWay.Api\TravelerWay.Api.csproj", "{2F5D9A2B-8C3E-4D7A-9F3B-1A2B3C4D5E6F}"
EndProject
Project("{FAE04EC0-301F-11D3-BF4B-00C04F79EFBC}") = "TravelerWay.Common", "TravelerWay.Common\TravelerWay.Common.csproj", "{4B7C8D9E-0F1A-4B2C-9D3E-3C4D5E6F7081}"
EndProject
Global
	GlobalSection(SolutionConfigurationPlatforms) = preSolution
		Debug|Any CPU = Debug|Any CPU
		Release|Any CPU = Release|Any CPU
	EndGlobalSection
	GlobalSection(ProjectConfigurationPlatforms) = postSolution
		{2F5D9A2B-8C3E-4D7A-9F3B-1A2B3C4D5E6F}.Debug|Any CPU.ActiveCfg = Debug|Any CPU
		{2F5D9A2B-8C3E-4D7A-9F3B-1A2B3C4D5E6F}.Debug|Any CPU.Build.0 = Debug|Any CPU
		{2F5D9A2B-8C3E-4D7A-9F3B-1A2B3C4D5E6F}.Release|Any CPU.ActiveCfg = Release|Any CPU
		{2F5D9A2B-8C3E-4D7A-9F3B-1A2B3C4D5E6F}.Release|Any CPU.Build.0 = Release|Any CPU
		{4B7C8D9E-0F1A-4B2C-9D3E-3C4D5E6F7081}.Debug|Any CPU.ActiveCfg = Debug|Any CPU
		{4B7C8D9E-0F1A-4B2C-9D3E-3C4D5E6F7081}.Debug|Any CPU.Build.0 = Debug|Any CPU
		{4B7C8D9E-0F1A-4B2C-9D3E-3C4D5E6F7081}.Release|Any CPU.ActiveCfg = Release|Any CPU
		{4B7C8D9E-0F1A-4B2C-9D3E-3C4D5E6F7081}.Release|Any CPU.Build.0 = Release|Any CPU
	EndGlobalSection
	GlobalSection(SolutionProperties) = preSolution
		HideSolutionNode = FALSE
	EndGlobalSection
	GlobalSection(ExtensibilityGlobals) = postSolution
		SolutionGuid = {59B74718-402E-4EFB-989B-270EC5C621E0}
	EndGlobalSection
EndGlobal
